
Microsoft Visual Studio Solution File, Format Version 12.00
# Visual Studio 14
VisualStudioVersion = 14.0.25420.1
MinimumVisualStudioVersion = 10.0.40219.1
Project("{FAE04EC0-301F-11D3-BF4B-00C04F79EFBC}") = "NetSatıs.Entities", "NetSatıs.Entities\NetSatıs.Entities.csproj", "{FD004FDA-5D24-4FB9-866F-5CA92980DE0D}"
EndProject
Project("{FAE04EC0-301F-11D3-BF4B-00C04F79EFBC}") = "NetSatıs.BackOffice", "NetSatıs.BackOffice\NetSatıs.BackOffice.csproj", "{72B53253-D498-49F8-B3BA-2923C12C7733}"
EndProject
Project("{FAE04EC0-301F-11D3-BF4B-00C04F79EFBC}") = "NetSatıs.FrontOffice", "NetSatıs.FrontOffice\NetSatıs.FrontOffice.csproj", "{E0350703-1184-4999-9BA4-524891E49C37}"
EndProject
Global
	GlobalSection(SolutionConfigurationPlatforms) = preSolution
		Debug|Any CPU = Debug|Any CPU
		Release|Any CPU = Release|Any CPU
	EndGlobalSection
	GlobalSection(ProjectConfigurationPlatforms) = postSolution
		{FD004FDA-5D24-4FB9-866F-5CA92980DE0D}.Debug|Any CPU.ActiveCfg = Debug|Any CPU
		{FD004FDA-5D24-4FB9-866F-5CA92980DE0D}.Debug|Any CPU.Build.0 = Debug|Any CPU
		{FD004FDA-5D24-4FB9-866F-5CA92980DE0D}.Release|Any CPU.ActiveCfg = Release|Any CPU
		{FD004FDA-5D24-4FB9-866F-5CA92980DE0D}.Release|Any CPU.Build.0 = Release|Any CPU
		{72B53253-D498-49F8-B3BA-2923C12C7733}.Debug|Any CPU.ActiveCfg = Debug|Any CPU
		{72B53253-D498-49F8-B3BA-2923C12C7733}.Debug|Any CPU.Build.0 = Debug|Any CPU
		{72B53253-D498-49F8-B3BA-2923C12C7733}.Release|Any CPU.ActiveCfg = Release|Any CPU
		{72B53253-D498-49F8-B3BA-2923C12C7733}.Release|Any CPU.Build.0 = Release|Any CPU
		{E0350703-1184-4999-9BA4-524891E49C37}.Debug|Any CPU.ActiveCfg = Debug|Any CPU
		{E0350703-1184-4999-9BA4-524891E49C37}.Debug|Any CPU.Build.0 = Debug|Any CPU
		{E0350703-1184-4999-9BA4-524891E49C37}.Release|Any CPU.ActiveCfg = Release|Any CPU
		{E0350703-1184-4999-9BA4-524891E49C37}.Release|Any CPU.Build.0 = Release|Any CPU
	EndGlobalSection
	GlobalSection(SolutionProperties) = preSolution
		HideSolutionNode = FALSE
	EndGlobalSection
EndGlobal
